<?xml version="1.0" encoding="utf-8"?>
<Project ToolsVersion="4.0" xmlns="http://schemas.microsoft.com/developer/msbuild/2003">
  <ItemGroup>
    <Filter Include="Quelldateien">
      <UniqueIdentifier>{4FC737F1-C7A5-4376-A066-2A32D752A2FF}</UniqueIdentifier>
      <Extensions>cpp;c;cxx;def;odl;idl;hpj;bat;asm;asmx</Extensions>
    </Filter>
    <Filter Include="Ressourcendateien">
      <UniqueIdentifier>{67DA6AB6-F800-4c08-8B7A-83BB121AAD01}</UniqueIdentifier>
      <Extensions>rc;ico;cur;bmp;dlg;rc2;rct;bin;rgs;gif;jpg;jpeg;jpe;resx</Extensions>
    </Filter>
    <Filter Include="Common">
      <UniqueIdentifier>{5b1cfac3-0e02-41b4-a545-defb4317d1fd}</UniqueIdentifier>
    </Filter>
  </ItemGroup>
  <ItemGroup>
    <ClCompile Include="DXInputClass.cpp">
      <Filter>Quelldateien</Filter>
    </ClCompile>
    <ClCompile Include="p:\Common\Memory\ByteBuffer.cpp">
      <Filter>Common</Filter>
    </ClCompile>
    <ClCompile Include="P:\Common\String\Convert.cpp">
      <Filter>Common</Filter>
    </ClCompile>
    <ClCompile Include="p:\Common\debug\DebugService.cpp">
      <Filter>Common</Filter>
    </ClCompile>
    <ClCompile Include="P:\Common\Xtreme\Input\DXInput.cpp">
      <Filter>Common</Filter>
    </ClCompile>
    <ClCompile Include="p:\Common\IO\FileStream.cpp">
      <Filter>Common</Filter>
    </ClCompile>
    <ClCompile Include="p:\Common\Misc\Misc.cpp">
      <Filter>Common</Filter>
    </ClCompile>
    <ClCompile Include="p:\Common\Lang\RefCountObject.cpp">
      <Filter>Common</Filter>
    </ClCompile>
    <ClCompile Include="p:\Common\Lang\Service.cpp">
      <Filter>Common</Filter>
    </ClCompile>
    <ClCompile Include="P:\Common\Xtreme\Input\XBasicInput.cpp">
      <Filter>Common</Filter>
    </ClCompile>
    <ClCompile Include="P:\Common\String\Path.cpp">
      <Filter>Common</Filter>
    </ClCompile>
    <ClCompile Include="P:\Common\DateTime\DateTime.cpp">
      <Filter>Common</Filter>
    </ClCompile>
    <ClCompile Include="p:\Common\Misc\Format.cpp">
      <Filter>Common</Filter>
    </ClCompile>
    <ClCompile Include="P:\Common\IO\FileUtil.cpp">
      <Filter>Common</Filter>
    </ClCompile>
  </ItemGroup>
  <ItemGroup>
    <ClInclude Include="p:\Common\Memory\ByteBuffer.h">
      <Filter>Common</Filter>
    </ClInclude>
    <ClInclude Include="P:\Common\String\Convert.h">
      <Filter>Common</Filter>
    </ClInclude>
    <ClInclude Include="p:\Common\debug\DebugService.h">
      <Filter>Common</Filter>
    </ClInclude>
    <ClInclude Include="P:\Common\Xtreme\Input\DXInput.h">
      <Filter>Common</Filter>
    </ClInclude>
    <ClInclude Include="p:\Common\IO\FileStream.h">
      <Filter>Common</Filter>
    </ClInclude>
    <ClInclude Include="p:\Common\Misc\Misc.h">
      <Filter>Common</Filter>
    </ClInclude>
    <ClInclude Include="p:\Common\Lang\RefCountObject.h">
      <Filter>Common</Filter>
    </ClInclude>
    <ClInclude Include="p:\Common\Lang\Service.h">
      <Filter>Common</Filter>
    </ClInclude>
    <ClInclude Include="P:\Common\Xtreme\Input\XBasicInput.h">
      <Filter>Common</Filter>
    </ClInclude>
    <ClInclude Include="P:\Common\Xtreme\Input\XInput.h">
      <Filter>Common</Filter>
    </ClInclude>
    <ClInclude Include="P:\Common\String\Path.h">
      <Filter>Common</Filter>
    </ClInclude>
    <ClInclude Include="P:\Common\DateTime\DateTime.h">
      <Filter>Common</Filter>
    </ClInclude>
    <ClInclude Include="p:\Common\Misc\format.h">
      <Filter>Common</Filter>
    </ClInclude>
    <ClInclude Include="P:\Common\IO\FileUtil.h">
      <Filter>Common</Filter>
    </ClInclude>
    <ClInclude Include="DXInputClass.h">
      <Filter>Quelldateien</Filter>
    </ClInclude>
  </ItemGroup>
</Project>