Microsoft Visual Studio Solution File, Format Version 12.00
# Visual Studio Version 16
VisualStudioVersion = 16.0.30503.244
MinimumVisualStudioVersion = 10.0.40219.1
Project("{8BC9CEB8-8B4A-11D0-8D11-00A0C91BC942}") = "DX9Renderer", "DX9Renderer\DX9Renderer.vcxproj", "{C4BBCE79-BE34-47EB-AB9E-C014929F97C9}"
EndProject
Project("{8BC9CEB8-8B4A-11D0-8D11-00A0C91BC942}") = "DX8Renderer", "DX8Renderer\DX8Renderer.vcxproj", "{C7066FA6-1804-46C5-9B6A-D396815814FE}"
EndProject
Project("{8BC9CEB8-8B4A-11D0-8D11-00A0C91BC942}") = "OpenGLRenderer", "OpenGLRenderer\OpenGLRenderer.vcxproj", "{34F4E1EF-B230-44DD-89BE-E25C7DAFAC5F}"
EndProject
Project("{8BC9CEB8-8B4A-11D0-8D11-00A0C91BC942}") = "DX8Sound", "DX8Sound\DX8Sound.vcxproj", "{3B9C036F-3831-4DDB-A538-30E0F4F20880}"
EndProject
Project("{8BC9CEB8-8B4A-11D0-8D11-00A0C91BC942}") = "DDrawRenderer", "DDrawRenderer\DDrawRenderer.vcxproj", "{111B76BB-81FA-405C-A42C-D9B99D0A9409}"
EndProject
Project("{8BC9CEB8-8B4A-11D0-8D11-00A0C91BC942}") = "DX82dRenderer", "DX82dRenderer\DX82dRenderer.vcxproj", "{BD1932D5-52EF-4CC2-B4D2-18AB0FD9119B}"
EndProject
Project("{8BC9CEB8-8B4A-11D0-8D11-00A0C91BC942}") = "DXInput", "DXInput\DXInput.vcxproj", "{FCFCB5D5-6F26-4CED-BF43-A04F8FECD65F}"
EndProject
Project("{8BC9CEB8-8B4A-11D0-8D11-00A0C91BC942}") = "WinInput", "WinInput\WinInput.vcxproj", "{B644CBAC-0E87-44D7-9689-4238919B519D}"
EndProject
Project("{8BC9CEB8-8B4A-11D0-8D11-00A0C91BC942}") = "DX8MPlayer", "DX8MPlayer\DX8MPlayer.vcxproj", "{5ABCD33A-001C-4823-8950-5C66DB430192}"
EndProject
Project("{8BC9CEB8-8B4A-11D0-8D11-00A0C91BC942}") = "DX8OggPlayer", "DX8OggPlayer\DX8OggPlayer.vcxproj", "{870412C1-39B1-4E65-8803-6B2D5EF1216F}"
EndProject
Project("{8BC9CEB8-8B4A-11D0-8D11-00A0C91BC942}") = "XtremeTest", "XtremeTest\XtremeTest.vcxproj", "{D9694EE0-34FA-4EDA-8A40-EDEE2DD2461C}"
	ProjectSection(ProjectDependencies) = postProject
		{ED9FAA4A-A959-4725-9BB3-EE0AB0328012} = {ED9FAA4A-A959-4725-9BB3-EE0AB0328012}
		{6804905F-B5D0-4C5B-A03E-053D76FCDE63} = {6804905F-B5D0-4C5B-A03E-053D76FCDE63}
		{3B9C036F-3831-4DDB-A538-30E0F4F20880} = {3B9C036F-3831-4DDB-A538-30E0F4F20880}
		{C4BBCE79-BE34-47EB-AB9E-C014929F97C9} = {C4BBCE79-BE34-47EB-AB9E-C014929F97C9}
		{C7066FA6-1804-46C5-9B6A-D396815814FE} = {C7066FA6-1804-46C5-9B6A-D396815814FE}
		{B644CBAC-0E87-44D7-9689-4238919B519D} = {B644CBAC-0E87-44D7-9689-4238919B519D}
		{870412C1-39B1-4E65-8803-6B2D5EF1216F} = {870412C1-39B1-4E65-8803-6B2D5EF1216F}
		{FCFCB5D5-6F26-4CED-BF43-A04F8FECD65F} = {FCFCB5D5-6F26-4CED-BF43-A04F8FECD65F}
		{322D0CE9-0194-4069-9A26-E730268B460C} = {322D0CE9-0194-4069-9A26-E730268B460C}
		{34F4E1EF-B230-44DD-89BE-E25C7DAFAC5F} = {34F4E1EF-B230-44DD-89BE-E25C7DAFAC5F}
	EndProjectSection
EndProject
Project("{8BC9CEB8-8B4A-11D0-8D11-00A0C91BC942}") = "DX9ShaderRenderer", "DX9ShaderRenderer\DX9ShaderRenderer.vcxproj", "{AD7325EC-79FC-429B-8C63-662E6CA84BF0}"
EndProject
Project("{8BC9CEB8-8B4A-11D0-8D11-00A0C91BC942}") = "RawInput", "RawInput\RawInput.vcxproj", "{ED9FAA4A-A959-4725-9BB3-EE0AB0328012}"
EndProject
Project("{8BC9CEB8-8B4A-11D0-8D11-00A0C91BC942}") = "DX11Renderer", "DX11Renderer\DX11Renderer.vcxproj", "{6804905F-B5D0-4C5B-A03E-053D76FCDE63}"
EndProject
Project("{8BC9CEB8-8B4A-11D0-8D11-00A0C91BC942}") = "XAudio2Sound", "XAudio2Sound\XAudio2Sound.vcxproj", "{322D0CE9-0194-4069-9A26-E730268B460C}"
EndProject
Project("{8BC9CEB8-8B4A-11D0-8D11-00A0C91BC942}") = "VulkanRenderer", "VulkanRenderer\VulkanRenderer.vcxproj", "{A996A516-D9A4-44F4-8595-059874F6C478}"
EndProject
Global
	GlobalSection(SolutionConfigurationPlatforms) = preSolution
		Debug|Win32 = Debug|Win32
		Debug|x64 = Debug|x64
		Release|Win32 = Release|Win32
		Release|x64 = Release|x64
	EndGlobalSection
	GlobalSection(ProjectConfigurationPlatforms) = postSolution
		{C4BBCE79-BE34-47EB-AB9E-C014929F97C9}.Debug|Win32.ActiveCfg = Debug|Win32
		{C4BBCE79-BE34-47EB-AB9E-C014929F97C9}.Debug|Win32.Build.0 = Debug|Win32
		{C4BBCE79-BE34-47EB-AB9E-C014929F97C9}.Debug|x64.ActiveCfg = Debug|Win32
		{C4BBCE79-BE34-47EB-AB9E-C014929F97C9}.Release|Win32.ActiveCfg = Release|Win32
		{C4BBCE79-BE34-47EB-AB9E-C014929F97C9}.Release|Win32.Build.0 = Release|Win32
		{C4BBCE79-BE34-47EB-AB9E-C014929F97C9}.Release|x64.ActiveCfg = Release|Win32
		{C7066FA6-1804-46C5-9B6A-D396815814FE}.Debug|Win32.ActiveCfg = Debug|Win32
		{C7066FA6-1804-46C5-9B6A-D396815814FE}.Debug|Win32.Build.0 = Debug|Win32
		{C7066FA6-1804-46C5-9B6A-D396815814FE}.Debug|x64.ActiveCfg = Debug|Win32
		{C7066FA6-1804-46C5-9B6A-D396815814FE}.Release|Win32.ActiveCfg = Release|Win32
		{C7066FA6-1804-46C5-9B6A-D396815814FE}.Release|Win32.Build.0 = Release|Win32
		{C7066FA6-1804-46C5-9B6A-D396815814FE}.Release|x64.ActiveCfg = Release|Win32
		{34F4E1EF-B230-44DD-89BE-E25C7DAFAC5F}.Debug|Win32.ActiveCfg = Debug|Win32
		{34F4E1EF-B230-44DD-89BE-E25C7DAFAC5F}.Debug|Win32.Build.0 = Debug|Win32
		{34F4E1EF-B230-44DD-89BE-E25C7DAFAC5F}.Debug|x64.ActiveCfg = Debug|Win32
		{34F4E1EF-B230-44DD-89BE-E25C7DAFAC5F}.Release|Win32.ActiveCfg = Release|Win32
		{34F4E1EF-B230-44DD-89BE-E25C7DAFAC5F}.Release|Win32.Build.0 = Release|Win32
		{34F4E1EF-B230-44DD-89BE-E25C7DAFAC5F}.Release|x64.ActiveCfg = Release|Win32
		{3B9C036F-3831-4DDB-A538-30E0F4F20880}.Debug|Win32.ActiveCfg = Debug|Win32
		{3B9C036F-3831-4DDB-A538-30E0F4F20880}.Debug|Win32.Build.0 = Debug|Win32
		{3B9C036F-3831-4DDB-A538-30E0F4F20880}.Debug|x64.ActiveCfg = Debug|Win32
		{3B9C036F-3831-4DDB-A538-30E0F4F20880}.Release|Win32.ActiveCfg = Release|Win32
		{3B9C036F-3831-4DDB-A538-30E0F4F20880}.Release|Win32.Build.0 = Release|Win32
		{3B9C036F-3831-4DDB-A538-30E0F4F20880}.Release|x64.ActiveCfg = Release|Win32
		{111B76BB-81FA-405C-A42C-D9B99D0A9409}.Debug|Win32.ActiveCfg = Debug|Win32
		{111B76BB-81FA-405C-A42C-D9B99D0A9409}.Debug|Win32.Build.0 = Debug|Win32
		{111B76BB-81FA-405C-A42C-D9B99D0A9409}.Debug|x64.ActiveCfg = Debug|Win32
		{111B76BB-81FA-405C-A42C-D9B99D0A9409}.Release|Win32.ActiveCfg = Release|Win32
		{111B76BB-81FA-405C-A42C-D9B99D0A9409}.Release|Win32.Build.0 = Release|Win32
		{111B76BB-81FA-405C-A42C-D9B99D0A9409}.Release|x64.ActiveCfg = Release|Win32
		{BD1932D5-52EF-4CC2-B4D2-18AB0FD9119B}.Debug|Win32.ActiveCfg = Debug|Win32
		{BD1932D5-52EF-4CC2-B4D2-18AB0FD9119B}.Debug|Win32.Build.0 = Debug|Win32
		{BD1932D5-52EF-4CC2-B4D2-18AB0FD9119B}.Debug|x64.ActiveCfg = Debug|Win32
		{BD1932D5-52EF-4CC2-B4D2-18AB0FD9119B}.Release|Win32.ActiveCfg = Release|Win32
		{BD1932D5-52EF-4CC2-B4D2-18AB0FD9119B}.Release|Win32.Build.0 = Release|Win32
		{BD1932D5-52EF-4CC2-B4D2-18AB0FD9119B}.Release|x64.ActiveCfg = Release|Win32
		{FCFCB5D5-6F26-4CED-BF43-A04F8FECD65F}.Debug|Win32.ActiveCfg = Debug|Win32
		{FCFCB5D5-6F26-4CED-BF43-A04F8FECD65F}.Debug|Win32.Build.0 = Debug|Win32
		{FCFCB5D5-6F26-4CED-BF43-A04F8FECD65F}.Debug|x64.ActiveCfg = Debug|Win32
		{FCFCB5D5-6F26-4CED-BF43-A04F8FECD65F}.Release|Win32.ActiveCfg = Release|Win32
		{FCFCB5D5-6F26-4CED-BF43-A04F8FECD65F}.Release|Win32.Build.0 = Release|Win32
		{FCFCB5D5-6F26-4CED-BF43-A04F8FECD65F}.Release|x64.ActiveCfg = Release|Win32
		{B644CBAC-0E87-44D7-9689-4238919B519D}.Debug|Win32.ActiveCfg = Debug|Win32
		{B644CBAC-0E87-44D7-9689-4238919B519D}.Debug|Win32.Build.0 = Debug|Win32
		{B644CBAC-0E87-44D7-9689-4238919B519D}.Debug|x64.ActiveCfg = Debug|Win32
		{B644CBAC-0E87-44D7-9689-4238919B519D}.Release|Win32.ActiveCfg = Release|Win32
		{B644CBAC-0E87-44D7-9689-4238919B519D}.Release|Win32.Build.0 = Release|Win32
		{B644CBAC-0E87-44D7-9689-4238919B519D}.Release|x64.ActiveCfg = Release|Win32
		{5ABCD33A-001C-4823-8950-5C66DB430192}.Debug|Win32.ActiveCfg = Debug|Win32
		{5ABCD33A-001C-4823-8950-5C66DB430192}.Debug|Win32.Build.0 = Debug|Win32
		{5ABCD33A-001C-4823-8950-5C66DB430192}.Debug|x64.ActiveCfg = Debug|Win32
		{5ABCD33A-001C-4823-8950-5C66DB430192}.Release|Win32.ActiveCfg = Release|Win32
		{5ABCD33A-001C-4823-8950-5C66DB430192}.Release|Win32.Build.0 = Release|Win32
		{5ABCD33A-001C-4823-8950-5C66DB430192}.Release|x64.ActiveCfg = Release|Win32
		{870412C1-39B1-4E65-8803-6B2D5EF1216F}.Debug|Win32.ActiveCfg = Debug|Win32
		{870412C1-39B1-4E65-8803-6B2D5EF1216F}.Debug|Win32.Build.0 = Debug|Win32
		{870412C1-39B1-4E65-8803-6B2D5EF1216F}.Debug|x64.ActiveCfg = Debug|Win32
		{870412C1-39B1-4E65-8803-6B2D5EF1216F}.Release|Win32.ActiveCfg = Release|Win32
		{870412C1-39B1-4E65-8803-6B2D5EF1216F}.Release|Win32.Build.0 = Release|Win32
		{870412C1-39B1-4E65-8803-6B2D5EF1216F}.Release|x64.ActiveCfg = Release|Win32
		{D9694EE0-34FA-4EDA-8A40-EDEE2DD2461C}.Debug|Win32.ActiveCfg = Debug|Win32
		{D9694EE0-34FA-4EDA-8A40-EDEE2DD2461C}.Debug|Win32.Build.0 = Debug|Win32
		{D9694EE0-34FA-4EDA-8A40-EDEE2DD2461C}.Debug|x64.ActiveCfg = Debug|Win32
		{D9694EE0-34FA-4EDA-8A40-EDEE2DD2461C}.Release|Win32.ActiveCfg = Release|Win32
		{D9694EE0-34FA-4EDA-8A40-EDEE2DD2461C}.Release|Win32.Build.0 = Release|Win32
		{D9694EE0-34FA-4EDA-8A40-EDEE2DD2461C}.Release|x64.ActiveCfg = Release|Win32
		{AD7325EC-79FC-429B-8C63-662E6CA84BF0}.Debug|Win32.ActiveCfg = Debug|Win32
		{AD7325EC-79FC-429B-8C63-662E6CA84BF0}.Debug|Win32.Build.0 = Debug|Win32
		{AD7325EC-79FC-429B-8C63-662E6CA84BF0}.Debug|x64.ActiveCfg = Debug|Win32
		{AD7325EC-79FC-429B-8C63-662E6CA84BF0}.Release|Win32.ActiveCfg = Release|Win32
		{AD7325EC-79FC-429B-8C63-662E6CA84BF0}.Release|Win32.Build.0 = Release|Win32
		{AD7325EC-79FC-429B-8C63-662E6CA84BF0}.Release|x64.ActiveCfg = Release|Win32
		{ED9FAA4A-A959-4725-9BB3-EE0AB0328012}.Debug|Win32.ActiveCfg = Debug|Win32
		{ED9FAA4A-A959-4725-9BB3-EE0AB0328012}.Debug|Win32.Build.0 = Debug|Win32
		{ED9FAA4A-A959-4725-9BB3-EE0AB0328012}.Debug|x64.ActiveCfg = Debug|Win32
		{ED9FAA4A-A959-4725-9BB3-EE0AB0328012}.Release|Win32.ActiveCfg = Release|Win32
		{ED9FAA4A-A959-4725-9BB3-EE0AB0328012}.Release|Win32.Build.0 = Release|Win32
		{ED9FAA4A-A959-4725-9BB3-EE0AB0328012}.Release|x64.ActiveCfg = Release|Win32
		{6804905F-B5D0-4C5B-A03E-053D76FCDE63}.Debug|Win32.ActiveCfg = Debug|Win32
		{6804905F-B5D0-4C5B-A03E-053D76FCDE63}.Debug|Win32.Build.0 = Debug|Win32
		{6804905F-B5D0-4C5B-A03E-053D76FCDE63}.Debug|x64.ActiveCfg = Debug|Win32
		{6804905F-B5D0-4C5B-A03E-053D76FCDE63}.Release|Win32.ActiveCfg = Release|Win32
		{6804905F-B5D0-4C5B-A03E-053D76FCDE63}.Release|Win32.Build.0 = Release|Win32
		{6804905F-B5D0-4C5B-A03E-053D76FCDE63}.Release|x64.ActiveCfg = Release|Win32
		{322D0CE9-0194-4069-9A26-E730268B460C}.Debug|Win32.ActiveCfg = Debug|Win32
		{322D0CE9-0194-4069-9A26-E730268B460C}.Debug|Win32.Build.0 = Debug|Win32
		{322D0CE9-0194-4069-9A26-E730268B460C}.Debug|x64.ActiveCfg = Debug|Win32
		{322D0CE9-0194-4069-9A26-E730268B460C}.Release|Win32.ActiveCfg = Release|Win32
		{322D0CE9-0194-4069-9A26-E730268B460C}.Release|Win32.Build.0 = Release|Win32
		{322D0CE9-0194-4069-9A26-E730268B460C}.Release|x64.ActiveCfg = Release|Win32
		{A996A516-D9A4-44F4-8595-059874F6C478}.Debug|Win32.ActiveCfg = Debug|Win32
		{A996A516-D9A4-44F4-8595-059874F6C478}.Debug|Win32.Build.0 = Debug|Win32
		{A996A516-D9A4-44F4-8595-059874F6C478}.Debug|x64.ActiveCfg = Debug|x64
		{A996A516-D9A4-44F4-8595-059874F6C478}.Debug|x64.Build.0 = Debug|x64
		{A996A516-D9A4-44F4-8595-059874F6C478}.Release|Win32.ActiveCfg = Release|Win32
		{A996A516-D9A4-44F4-8595-059874F6C478}.Release|Win32.Build.0 = Release|Win32
		{A996A516-D9A4-44F4-8595-059874F6C478}.Release|x64.ActiveCfg = Release|x64
		{A996A516-D9A4-44F4-8595-059874F6C478}.Release|x64.Build.0 = Release|x64
	EndGlobalSection
	GlobalSection(SolutionProperties) = preSolution
		HideSolutionNode = FALSE
	EndGlobalSection
	GlobalSection(ExtensibilityGlobals) = postSolution
		SolutionGuid = {AB652994-9328-44CF-9C2B-9F2CF4115A9E}
	EndGlobalSection
EndGlobal
