<?xml version="1.0" encoding="utf-8"?>
<Project ToolsVersion="4.0" xmlns="http://schemas.microsoft.com/developer/msbuild/2003">
  <ItemGroup>
    <Filter Include="Quelldateien">
      <UniqueIdentifier>{4FC737F1-C7A5-4376-A066-2A32D752A2FF}</UniqueIdentifier>
      <Extensions>cpp;c;cxx;def;odl;idl;hpj;bat;asm;asmx</Extensions>
    </Filter>
    <Filter Include="Common">
      <UniqueIdentifier>{877da110-5b7b-435a-974f-ca24263f4b0b}</UniqueIdentifier>
    </Filter>
    <Filter Include="Ressourcendateien">
      <UniqueIdentifier>{67DA6AB6-F800-4c08-8B7A-83BB121AAD01}</UniqueIdentifier>
      <Extensions>rc;ico;cur;bmp;dlg;rc2;rct;bin;rgs;gif;jpg;jpeg;jpe;resx</Extensions>
    </Filter>
    <Filter Include="Common\png">
      <UniqueIdentifier>{b0de4cc1-23a1-4fe9-8cc5-e86d4c452240}</UniqueIdentifier>
    </Filter>
    <Filter Include="Common\zlib">
      <UniqueIdentifier>{2ab657fb-bd69-4bbd-8a46-8793b14664f6}</UniqueIdentifier>
    </Filter>
  </ItemGroup>
  <ItemGroup>
    <ClInclude Include="resource.h">
      <Filter>Quelldateien</Filter>
    </ClInclude>
    <ClInclude Include="Xtreme.h">
      <Filter>Quelldateien</Filter>
    </ClInclude>
    <ClInclude Include="P:\Common\Grafik\Animation.h">
      <Filter>Common</Filter>
    </ClInclude>
    <ClInclude Include="p:\Common\Memory\ByteBuffer.h">
      <Filter>Common</Filter>
    </ClInclude>
    <ClInclude Include="P:\Common\Misc\CloneFactory.h">
      <Filter>Common</Filter>
    </ClInclude>
    <ClInclude Include="P:\Common\Controls\Component.h">
      <Filter>Common</Filter>
    </ClInclude>
    <ClInclude Include="P:\Common\Controls\ComponentContainer.h">
      <Filter>Common</Filter>
    </ClInclude>
    <ClInclude Include="P:\Common\MasterFrame\Console.h">
      <Filter>Common</Filter>
    </ClInclude>
    <ClInclude Include="P:\Common\Grafik\ContextDescriptor.h">
      <Filter>Common</Filter>
    </ClInclude>
    <ClInclude Include="P:\Common\String\Convert.h">
      <Filter>Common</Filter>
    </ClInclude>
    <ClInclude Include="P:\Common\GR\DataBase\DataBase.h">
      <Filter>Common</Filter>
    </ClInclude>
    <ClInclude Include="P:\Common\GR\DataBase\DataBaseTable.h">
      <Filter>Common</Filter>
    </ClInclude>
    <ClInclude Include="P:\Common\DateTime\DateTime.h">
      <Filter>Common</Filter>
    </ClInclude>
    <ClInclude Include="P:\Common\debug\DebugService.h">
      <Filter>Common</Filter>
    </ClInclude>
    <ClInclude Include="P:\Common\Xtreme\DX9\DX9RenderClass.h">
      <Filter>Common</Filter>
    </ClInclude>
    <ClInclude Include="P:\Common\Xtreme\DX9\DX9Texture.h">
      <Filter>Common</Filter>
    </ClInclude>
    <ClInclude Include="P:\Common\Xtreme\DX9\DX9VertexBuffer.h">
      <Filter>Common</Filter>
    </ClInclude>
    <ClInclude Include="P:\Common\Lang\EventQueue.h">
      <Filter>Common</Filter>
    </ClInclude>
    <ClInclude Include="P:\Common\IO\FileChunk.h">
      <Filter>Common</Filter>
    </ClInclude>
    <ClInclude Include="P:\Common\IO\FileStream.h">
      <Filter>Common</Filter>
    </ClInclude>
    <ClInclude Include="P:\Common\IO\FileUtil.h">
      <Filter>Common</Filter>
    </ClInclude>
    <ClInclude Include="P:\Common\Misc\format.h">
      <Filter>Common</Filter>
    </ClInclude>
    <ClInclude Include="P:\Common\Grafik\ImageFormate\FormatBMP.h">
      <Filter>Common</Filter>
    </ClInclude>
    <ClInclude Include="P:\Common\Grafik\ImageFormate\FormatIGF.h">
      <Filter>Common</Filter>
    </ClInclude>
    <ClInclude Include="P:\Common\Grafik\ImageFormate\FormatTGA.h">
      <Filter>Common</Filter>
    </ClInclude>
    <ClInclude Include="P:\Common\GR\Gamebase\Framework.h">
      <Filter>Common</Filter>
    </ClInclude>
    <ClInclude Include="P:\Common\Grafik\GFXHelper.h">
      <Filter>Common</Filter>
    </ClInclude>
    <ClInclude Include="P:\Common\Grafik\GfxPage.h">
      <Filter>Common</Filter>
    </ClInclude>
    <ClInclude Include="P:\Common\Setup\Groups.h">
      <Filter>Common</Filter>
    </ClInclude>
    <ClInclude Include="P:\Common\Controls\Xtreme\GUIButton.h">
      <Filter>Common</Filter>
    </ClInclude>
    <ClInclude Include="P:\Common\Controls\Xtreme\GUIComponent.h">
      <Filter>Common</Filter>
    </ClInclude>
    <ClInclude Include="P:\Common\Controls\Xtreme\GUIComponentDisplayer.h">
      <Filter>Common</Filter>
    </ClInclude>
    <ClInclude Include="P:\Common\Grafik\Image.h">
      <Filter>Common</Filter>
    </ClInclude>
    <ClInclude Include="P:\Common\Grafik\ImageFormate\ImageFormatManager.h">
      <Filter>Common</Filter>
    </ClInclude>
    <ClInclude Include="P:\Common\GR\DataBase\KeyTable.h">
      <Filter>Common</Filter>
    </ClInclude>
    <ClInclude Include="P:\Common\GR\LocalRegistry\LocalRegistry.h">
      <Filter>Common</Filter>
    </ClInclude>
    <ClInclude Include="P:\Common\Math\MathUtil.h">
      <Filter>Common</Filter>
    </ClInclude>
    <ClInclude Include="P:\Common\Xtreme\MeshFormate\MD3.h">
      <Filter>Common</Filter>
    </ClInclude>
    <ClInclude Include="P:\Common\Memory\MemoryStream.h">
      <Filter>Common</Filter>
    </ClInclude>
    <ClInclude Include="P:\Common\Misc\Misc.h">
      <Filter>Common</Filter>
    </ClInclude>
    <ClInclude Include="P:\Common\Grafik\Palette.h">
      <Filter>Common</Filter>
    </ClInclude>
    <ClInclude Include="P:\Common\String\Path.h">
      <Filter>Common</Filter>
    </ClInclude>
    <ClInclude Include="P:\Common\Lang\RefCountObject.h">
      <Filter>Common</Filter>
    </ClInclude>
    <ClInclude Include="P:\Common\WinSys\RegistryHelper.h">
      <Filter>Common</Filter>
    </ClInclude>
    <ClInclude Include="p:\Common\Lang\Service.h">
      <Filter>Common</Filter>
    </ClInclude>
    <ClInclude Include="P:\Common\GR\DataBase\SimpleTable.h">
      <Filter>Common</Filter>
    </ClInclude>
    <ClInclude Include="P:\Common\WinSys\SubclassManager.h">
      <Filter>Common</Filter>
    </ClInclude>
    <ClInclude Include="P:\Common\DateTime\Timer.h">
      <Filter>Common</Filter>
    </ClInclude>
    <ClInclude Include="P:\Common\String\Tokenizer.h">
      <Filter>Common</Filter>
    </ClInclude>
    <ClInclude Include="P:\Common\WinSys\WinUtils.h">
      <Filter>Common</Filter>
    </ClInclude>
    <ClInclude Include="P:\Common\Xtreme\XAsset\XAssetLoader.h">
      <Filter>Common</Filter>
    </ClInclude>
    <ClInclude Include="P:\Common\Xtreme\XBasicFont.h">
      <Filter>Common</Filter>
    </ClInclude>
    <ClInclude Include="P:\Common\Xtreme\XBasicRenderer.h">
      <Filter>Common</Filter>
    </ClInclude>
    <ClInclude Include="P:\Common\Xtreme\XBasicVertexBuffer.h">
      <Filter>Common</Filter>
    </ClInclude>
    <ClInclude Include="P:\Common\Xtreme\XBoundingBox.h">
      <Filter>Common</Filter>
    </ClInclude>
    <ClInclude Include="P:\Common\MasterFrame\XFrameApp.h">
      <Filter>Common</Filter>
    </ClInclude>
    <ClInclude Include="P:\Common\Xtreme\XHugeTexture.h">
      <Filter>Common</Filter>
    </ClInclude>
    <ClInclude Include="P:\Common\Xtreme\XMesh.h">
      <Filter>Common</Filter>
    </ClInclude>
    <ClInclude Include="P:\Common\String\XML.h">
      <Filter>Common</Filter>
    </ClInclude>
    <ClInclude Include="P:\Common\Xtreme\NullSound\XNullMusic.h">
      <Filter>Common</Filter>
    </ClInclude>
    <ClInclude Include="P:\Common\Xtreme\NullSound\XNullSound.h">
      <Filter>Common</Filter>
    </ClInclude>
    <ClInclude Include="P:\Common\Xtreme\XCamera.h">
      <Filter>Common</Filter>
    </ClInclude>
    <ClInclude Include="P:\Common\GR\Gamebase\ValueStorage.h">
      <Filter>Common</Filter>
    </ClInclude>
    <ClInclude Include="P:\Common\Grafik\ImageData.h">
      <Filter>Common</Filter>
    </ClInclude>
    <ClInclude Include="P:\Common\Grafik\GDIPage.h">
      <Filter>Common</Filter>
    </ClInclude>
    <ClInclude Include="P:\Common\IO\FileLocator.h">
      <Filter>Common</Filter>
    </ClInclude>
    <ClInclude Include="P:\Common\Controls\GUILoader.h">
      <Filter>Common</Filter>
    </ClInclude>
    <ClInclude Include="P:\Common\Controls\ComponentDisplayerBase.h">
      <Filter>Common</Filter>
    </ClInclude>
    <ClInclude Include="P:\Common\Xtreme\Environment\XWindowWin32.h">
      <Filter>Common</Filter>
    </ClInclude>
    <ClInclude Include="P:\Common\Grafik\ImageFormate\FormatGRI.h">
      <Filter>Common</Filter>
    </ClInclude>
    <ClInclude Include="P:\Common\Grafik\ImageFormate\PNG\zconf.h">
      <Filter>Common</Filter>
    </ClInclude>
    <ClInclude Include="P:\Common\Grafik\ImageFormate\PNG\zlib.h">
      <Filter>Common</Filter>
    </ClInclude>
    <ClInclude Include="P:\Common\Grafik\ImageFormate\FormatPNG.h">
      <Filter>Common</Filter>
    </ClInclude>
    <ClInclude Include="P:\Common\Grafik\ImageFormate\PNG\png.h">
      <Filter>Common\png</Filter>
    </ClInclude>
    <ClInclude Include="P:\Common\Grafik\ImageFormate\PNG\pngconf.h">
      <Filter>Common\png</Filter>
    </ClInclude>
    <ClInclude Include="P:\Common\Grafik\ImageFormate\PNG\pngdebug.h">
      <Filter>Common\png</Filter>
    </ClInclude>
    <ClInclude Include="P:\Common\Grafik\ImageFormate\PNG\pnginfo.h">
      <Filter>Common\png</Filter>
    </ClInclude>
    <ClInclude Include="P:\Common\Grafik\ImageFormate\PNG\pnglibconf.h">
      <Filter>Common\png</Filter>
    </ClInclude>
    <ClInclude Include="P:\Common\Grafik\ImageFormate\PNG\pngpriv.h">
      <Filter>Common\png</Filter>
    </ClInclude>
    <ClInclude Include="P:\Common\Grafik\ImageFormate\PNG\pngstruct.h">
      <Filter>Common\png</Filter>
    </ClInclude>
    <ClInclude Include="P:\Common\libs\zlib\crc32.h">
      <Filter>Common\zlib</Filter>
    </ClInclude>
    <ClInclude Include="P:\Common\libs\zlib\deflate.h">
      <Filter>Common\zlib</Filter>
    </ClInclude>
    <ClInclude Include="P:\Common\libs\zlib\gzguts.h">
      <Filter>Common\zlib</Filter>
    </ClInclude>
    <ClInclude Include="P:\Common\libs\zlib\inffast.h">
      <Filter>Common\zlib</Filter>
    </ClInclude>
    <ClInclude Include="P:\Common\libs\zlib\inffixed.h">
      <Filter>Common\zlib</Filter>
    </ClInclude>
    <ClInclude Include="P:\Common\libs\zlib\inflate.h">
      <Filter>Common\zlib</Filter>
    </ClInclude>
    <ClInclude Include="P:\Common\libs\zlib\inftrees.h">
      <Filter>Common\zlib</Filter>
    </ClInclude>
    <ClInclude Include="P:\Common\libs\zlib\trees.h">
      <Filter>Common\zlib</Filter>
    </ClInclude>
    <ClInclude Include="P:\Common\libs\zlib\zconf.h">
      <Filter>Common\zlib</Filter>
    </ClInclude>
    <ClInclude Include="P:\Common\libs\zlib\zlib.h">
      <Filter>Common\zlib</Filter>
    </ClInclude>
    <ClInclude Include="P:\Common\libs\zlib\zutil.h">
      <Filter>Common\zlib</Filter>
    </ClInclude>
  </ItemGroup>
  <ItemGroup>
    <ClCompile Include="Xtreme.cpp">
      <Filter>Quelldateien</Filter>
    </ClCompile>
    <ClCompile Include="XtremeMain.cpp">
      <Filter>Quelldateien</Filter>
    </ClCompile>
    <ClCompile Include="P:\Common\Grafik\Animation.cpp">
      <Filter>Common</Filter>
    </ClCompile>
    <ClCompile Include="p:\Common\Memory\ByteBuffer.cpp">
      <Filter>Common</Filter>
    </ClCompile>
    <ClCompile Include="P:\Common\Misc\CloneFactory.cpp">
      <Filter>Common</Filter>
    </ClCompile>
    <ClCompile Include="P:\Common\Controls\Component.cpp">
      <Filter>Common</Filter>
    </ClCompile>
    <ClCompile Include="P:\Common\Controls\ComponentContainer.cpp">
      <Filter>Common</Filter>
    </ClCompile>
    <ClCompile Include="P:\Common\MasterFrame\Console.cpp">
      <Filter>Common</Filter>
    </ClCompile>
    <ClCompile Include="P:\Common\Grafik\ContextDescriptor.cpp">
      <Filter>Common</Filter>
    </ClCompile>
    <ClCompile Include="P:\Common\String\Convert.cpp">
      <Filter>Common</Filter>
    </ClCompile>
    <ClCompile Include="P:\Common\GR\DataBase\DataBase.cpp">
      <Filter>Common</Filter>
    </ClCompile>
    <ClCompile Include="P:\Common\GR\DataBase\DataBaseTable.cpp">
      <Filter>Common</Filter>
    </ClCompile>
    <ClCompile Include="P:\Common\DateTime\DateTime.cpp">
      <Filter>Common</Filter>
    </ClCompile>
    <ClCompile Include="P:\Common\debug\DebugService.cpp">
      <Filter>Common</Filter>
    </ClCompile>
    <ClCompile Include="P:\Common\Xtreme\DX9\DX9RenderClass.cpp">
      <Filter>Common</Filter>
    </ClCompile>
    <ClCompile Include="P:\Common\Xtreme\DX9\DX9Texture.cpp">
      <Filter>Common</Filter>
    </ClCompile>
    <ClCompile Include="P:\Common\Xtreme\DX9\DX9VertexBuffer.cpp">
      <Filter>Common</Filter>
    </ClCompile>
    <ClCompile Include="P:\Common\Lang\EventQueue.cpp">
      <Filter>Common</Filter>
    </ClCompile>
    <ClCompile Include="P:\Common\IO\FileChunk.cpp">
      <Filter>Common</Filter>
    </ClCompile>
    <ClCompile Include="P:\Common\IO\FileStream.cpp">
      <Filter>Common</Filter>
    </ClCompile>
    <ClCompile Include="P:\Common\IO\FileUtil.cpp">
      <Filter>Common</Filter>
    </ClCompile>
    <ClCompile Include="P:\Common\Misc\Format.cpp">
      <Filter>Common</Filter>
    </ClCompile>
    <ClCompile Include="P:\Common\Grafik\ImageFormate\FormatBMP.cpp">
      <Filter>Common</Filter>
    </ClCompile>
    <ClCompile Include="P:\Common\Grafik\ImageFormate\FormatIGF.cpp">
      <Filter>Common</Filter>
    </ClCompile>
    <ClCompile Include="P:\Common\Grafik\ImageFormate\FormatTGA.cpp">
      <Filter>Common</Filter>
    </ClCompile>
    <ClCompile Include="P:\Common\GR\Gamebase\Framework.cpp">
      <Filter>Common</Filter>
    </ClCompile>
    <ClCompile Include="P:\Common\Grafik\GFXHelper.cpp">
      <Filter>Common</Filter>
    </ClCompile>
    <ClCompile Include="P:\Common\Grafik\GfxPage.cpp">
      <Filter>Common</Filter>
    </ClCompile>
    <ClCompile Include="P:\Common\Setup\Groups.cpp">
      <Filter>Common</Filter>
    </ClCompile>
    <ClCompile Include="P:\Common\Controls\Xtreme\GUIButton.cpp">
      <Filter>Common</Filter>
    </ClCompile>
    <ClCompile Include="P:\Common\Controls\Xtreme\GUIComponent.cpp">
      <Filter>Common</Filter>
    </ClCompile>
    <ClCompile Include="P:\Common\Controls\Xtreme\GUIComponentDisplayer.cpp">
      <Filter>Common</Filter>
    </ClCompile>
    <ClCompile Include="P:\Common\Grafik\Image.cpp">
      <Filter>Common</Filter>
    </ClCompile>
    <ClCompile Include="P:\Common\Grafik\ImageFormate\ImageFormatManager.cpp">
      <Filter>Common</Filter>
    </ClCompile>
    <ClCompile Include="P:\Common\GR\DataBase\KeyTable.cpp">
      <Filter>Common</Filter>
    </ClCompile>
    <ClCompile Include="P:\Common\GR\LocalRegistry\LocalRegistry.cpp">
      <Filter>Common</Filter>
    </ClCompile>
    <ClCompile Include="P:\Common\Math\MathUtil.cpp">
      <Filter>Common</Filter>
    </ClCompile>
    <ClCompile Include="P:\Common\Xtreme\MeshFormate\MD3.cpp">
      <Filter>Common</Filter>
    </ClCompile>
    <ClCompile Include="P:\Common\Memory\MemoryStream.cpp">
      <Filter>Common</Filter>
    </ClCompile>
    <ClCompile Include="P:\Common\Misc\Misc.cpp">
      <Filter>Common</Filter>
    </ClCompile>
    <ClCompile Include="P:\Common\Grafik\Palette.cpp">
      <Filter>Common</Filter>
    </ClCompile>
    <ClCompile Include="P:\Common\String\Path.cpp">
      <Filter>Common</Filter>
    </ClCompile>
    <ClCompile Include="P:\Common\Lang\RefCountObject.cpp">
      <Filter>Common</Filter>
    </ClCompile>
    <ClCompile Include="P:\Common\WinSys\RegistryHelper.cpp">
      <Filter>Common</Filter>
    </ClCompile>
    <ClCompile Include="p:\Common\Lang\Service.cpp">
      <Filter>Common</Filter>
    </ClCompile>
    <ClCompile Include="P:\Common\GR\DataBase\SimpleTable.cpp">
      <Filter>Common</Filter>
    </ClCompile>
    <ClCompile Include="P:\Common\WinSys\SubclassManager.cpp">
      <Filter>Common</Filter>
    </ClCompile>
    <ClCompile Include="P:\Common\DateTime\Timer.cpp">
      <Filter>Common</Filter>
    </ClCompile>
    <ClCompile Include="P:\Common\String\Tokenizer.cpp">
      <Filter>Common</Filter>
    </ClCompile>
    <ClCompile Include="P:\Common\WinSys\WinUtils.cpp">
      <Filter>Common</Filter>
    </ClCompile>
    <ClCompile Include="P:\Common\Xtreme\XAsset\XAssetLoader.cpp">
      <Filter>Common</Filter>
    </ClCompile>
    <ClCompile Include="P:\Common\Xtreme\XBasicFont.cpp">
      <Filter>Common</Filter>
    </ClCompile>
    <ClCompile Include="P:\Common\Xtreme\XBasicRenderer.cpp">
      <Filter>Common</Filter>
    </ClCompile>
    <ClCompile Include="P:\Common\Xtreme\XBasicVertexBuffer.cpp">
      <Filter>Common</Filter>
    </ClCompile>
    <ClCompile Include="P:\Common\Xtreme\XBoundingBox.cpp">
      <Filter>Common</Filter>
    </ClCompile>
    <ClCompile Include="P:\Common\MasterFrame\XFrameApp.cpp">
      <Filter>Common</Filter>
    </ClCompile>
    <ClCompile Include="P:\Common\Xtreme\XHugeTexture.cpp">
      <Filter>Common</Filter>
    </ClCompile>
    <ClCompile Include="P:\Common\Xtreme\XMesh.cpp">
      <Filter>Common</Filter>
    </ClCompile>
    <ClCompile Include="P:\Common\String\XML.cpp">
      <Filter>Common</Filter>
    </ClCompile>
    <ClCompile Include="P:\Common\Xtreme\NullSound\XNullMusic.cpp">
      <Filter>Common</Filter>
    </ClCompile>
    <ClCompile Include="P:\Common\Xtreme\NullSound\XNullSound.cpp">
      <Filter>Common</Filter>
    </ClCompile>
    <ClCompile Include="P:\Common\Xtreme\XCamera.cpp">
      <Filter>Common</Filter>
    </ClCompile>
    <ClCompile Include="P:\Common\GR\Gamebase\ValueStorage.cpp">
      <Filter>Common</Filter>
    </ClCompile>
    <ClCompile Include="P:\Common\Grafik\ImageData.cpp">
      <Filter>Common</Filter>
    </ClCompile>
    <ClCompile Include="P:\Common\Grafik\GDIPage.cpp">
      <Filter>Common</Filter>
    </ClCompile>
    <ClCompile Include="P:\Common\IO\FileLocator.cpp">
      <Filter>Common</Filter>
    </ClCompile>
    <ClCompile Include="P:\Common\Controls\GUILoader.cpp">
      <Filter>Common</Filter>
    </ClCompile>
    <ClCompile Include="P:\Common\Controls\ComponentDisplayerBase.cpp">
      <Filter>Common</Filter>
    </ClCompile>
    <ClCompile Include="P:\Common\Xtreme\Environment\XWindowWin32.cpp">
      <Filter>Common</Filter>
    </ClCompile>
    <ClCompile Include="P:\Common\Grafik\ImageFormate\FormatGRI.cpp">
      <Filter>Common</Filter>
    </ClCompile>
    <ClCompile Include="P:\Common\Grafik\ImageFormate\FormatPNG.cpp">
      <Filter>Common</Filter>
    </ClCompile>
    <ClCompile Include="P:\Common\Grafik\ImageFormate\PNG\pngwutil.c">
      <Filter>Common\png</Filter>
    </ClCompile>
    <ClCompile Include="P:\Common\Grafik\ImageFormate\PNG\png.c">
      <Filter>Common\png</Filter>
    </ClCompile>
    <ClCompile Include="P:\Common\Grafik\ImageFormate\PNG\pngerror.c">
      <Filter>Common\png</Filter>
    </ClCompile>
    <ClCompile Include="P:\Common\Grafik\ImageFormate\PNG\pngget.c">
      <Filter>Common\png</Filter>
    </ClCompile>
    <ClCompile Include="P:\Common\Grafik\ImageFormate\PNG\pngmem.c">
      <Filter>Common\png</Filter>
    </ClCompile>
    <ClCompile Include="P:\Common\Grafik\ImageFormate\PNG\pngpread.c">
      <Filter>Common\png</Filter>
    </ClCompile>
    <ClCompile Include="P:\Common\Grafik\ImageFormate\PNG\pngread.c">
      <Filter>Common\png</Filter>
    </ClCompile>
    <ClCompile Include="P:\Common\Grafik\ImageFormate\PNG\pngrio.c">
      <Filter>Common\png</Filter>
    </ClCompile>
    <ClCompile Include="P:\Common\Grafik\ImageFormate\PNG\pngrtran.c">
      <Filter>Common\png</Filter>
    </ClCompile>
    <ClCompile Include="P:\Common\Grafik\ImageFormate\PNG\pngrutil.c">
      <Filter>Common\png</Filter>
    </ClCompile>
    <ClCompile Include="P:\Common\Grafik\ImageFormate\PNG\pngset.c">
      <Filter>Common\png</Filter>
    </ClCompile>
    <ClCompile Include="P:\Common\Grafik\ImageFormate\PNG\pngtrans.c">
      <Filter>Common\png</Filter>
    </ClCompile>
    <ClCompile Include="P:\Common\Grafik\ImageFormate\PNG\pngwio.c">
      <Filter>Common\png</Filter>
    </ClCompile>
    <ClCompile Include="P:\Common\Grafik\ImageFormate\PNG\pngwrite.c">
      <Filter>Common\png</Filter>
    </ClCompile>
    <ClCompile Include="P:\Common\Grafik\ImageFormate\PNG\pngwtran.c">
      <Filter>Common\png</Filter>
    </ClCompile>
    <ClCompile Include="P:\Common\libs\zlib\adler32.c">
      <Filter>Common\zlib</Filter>
    </ClCompile>
    <ClCompile Include="P:\Common\libs\zlib\compress.c">
      <Filter>Common\zlib</Filter>
    </ClCompile>
    <ClCompile Include="P:\Common\libs\zlib\crc32.c">
      <Filter>Common\zlib</Filter>
    </ClCompile>
    <ClCompile Include="P:\Common\libs\zlib\deflate.c">
      <Filter>Common\zlib</Filter>
    </ClCompile>
    <ClCompile Include="P:\Common\libs\zlib\infback.c">
      <Filter>Common\zlib</Filter>
    </ClCompile>
    <ClCompile Include="P:\Common\libs\zlib\inffast.c">
      <Filter>Common\zlib</Filter>
    </ClCompile>
    <ClCompile Include="P:\Common\libs\zlib\inflate.c">
      <Filter>Common\zlib</Filter>
    </ClCompile>
    <ClCompile Include="P:\Common\libs\zlib\inftrees.c">
      <Filter>Common\zlib</Filter>
    </ClCompile>
    <ClCompile Include="P:\Common\libs\zlib\trees.c">
      <Filter>Common\zlib</Filter>
    </ClCompile>
    <ClCompile Include="P:\Common\libs\zlib\uncompr.c">
      <Filter>Common\zlib</Filter>
    </ClCompile>
    <ClCompile Include="P:\Common\libs\zlib\zutil.c">
      <Filter>Common\zlib</Filter>
    </ClCompile>
  </ItemGroup>
  <ItemGroup>
    <None Include="binary1.bin">
      <Filter>Ressourcendateien</Filter>
    </None>
    <None Include="ingame.ogg" />
  </ItemGroup>
  <ItemGroup>
    <ResourceCompile Include="Xtreme.rc">
      <Filter>Ressourcendateien</Filter>
    </ResourceCompile>
  </ItemGroup>
</Project>